// !$*UTF8*$!
{
	archiveVersion = 1;
	classes = {
	};
	objectVersion = 56;
	objects = {

/* Begin PBXBuildFile section */
		9B044C712C7363D70074EC2E /* FirestoreManager.swift in Sources */ = {isa = PBXBuildFile; fileRef = 9B044C702C7363D70074EC2E /* FirestoreManager.swift */; };
		9B044C732C7F492F0074EC2E /* ECT.swift in Sources */ = {isa = PBXBuildFile; fileRef = 9B044C722C7F492F0074EC2E /* ECT.swift */; };
		9B3CF0DE2C3BFC0F00629B5D /* AppDelegate.swift in Sources */ = {isa = PBXBuildFile; fileRef = 9B3CF0DD2C3BFC0F00629B5D /* AppDelegate.swift */; };
		9B3CF0E02C3BFC0F00629B5D /* SceneDelegate.swift in Sources */ = {isa = PBXBuildFile; fileRef = 9B3CF0DF2C3BFC0F00629B5D /* SceneDelegate.swift */; };
		9B3CF0E22C3BFC0F00629B5D /* LoginViewController.swift in Sources */ = {isa = PBXBuildFile; fileRef = 9B3CF0E12C3BFC0F00629B5D /* LoginViewController.swift */; };
		9B3CF0E52C3BFC0F00629B5D /* Main.storyboard in Resources */ = {isa = PBXBuildFile; fileRef = 9B3CF0E32C3BFC0F00629B5D /* Main.storyboard */; };
		9B3CF0E72C3BFC1000629B5D /* Assets.xcassets in Resources */ = {isa = PBXBuildFile; fileRef = 9B3CF0E62C3BFC1000629B5D /* Assets.xcassets */; };
		9B3CF0EA2C3BFC1000629B5D /* LaunchScreen.storyboard in Resources */ = {isa = PBXBuildFile; fileRef = 9B3CF0E82C3BFC1000629B5D /* LaunchScreen.storyboard */; };
		9B3CF0F52C3D526200629B5D /* SignUpViewController.swift in Sources */ = {isa = PBXBuildFile; fileRef = 9B3CF0F42C3D526200629B5D /* SignUpViewController.swift */; };
		9B3CF0F72C3D527000629B5D /* FindIDViewController.swift in Sources */ = {isa = PBXBuildFile; fileRef = 9B3CF0F62C3D527000629B5D /* FindIDViewController.swift */; };
		9B3CF0F92C3D527E00629B5D /* FindPWViewController.swift in Sources */ = {isa = PBXBuildFile; fileRef = 9B3CF0F82C3D527E00629B5D /* FindPWViewController.swift */; };
		9B3CF0FB2C3D529000629B5D /* ModifyPWViewController.swift in Sources */ = {isa = PBXBuildFile; fileRef = 9B3CF0FA2C3D529000629B5D /* ModifyPWViewController.swift */; };
		9B3CF0FD2C3D52D700629B5D /* HomeViewController.swift in Sources */ = {isa = PBXBuildFile; fileRef = 9B3CF0FC2C3D52D700629B5D /* HomeViewController.swift */; };
		9B3CF0FF2C3D52EA00629B5D /* ItemDetailViewController.swift in Sources */ = {isa = PBXBuildFile; fileRef = 9B3CF0FE2C3D52EA00629B5D /* ItemDetailViewController.swift */; };
		9B3CF1012C3D531A00629B5D /* CreateItemViewController.swift in Sources */ = {isa = PBXBuildFile; fileRef = 9B3CF1002C3D531A00629B5D /* CreateItemViewController.swift */; };
		9B3CF1032C3D533A00629B5D /* MyPageViewController.swift in Sources */ = {isa = PBXBuildFile; fileRef = 9B3CF1022C3D533A00629B5D /* MyPageViewController.swift */; };
		9B3CF1072C3D5B1000629B5D /* UIViewController+Extension.swift in Sources */ = {isa = PBXBuildFile; fileRef = 9B3CF1062C3D5B1000629B5D /* UIViewController+Extension.swift */; };
		9B3CF10A2C468E1500629B5D /* UIColor+Extension.swift in Sources */ = {isa = PBXBuildFile; fileRef = 9B3CF1092C468E1500629B5D /* UIColor+Extension.swift */; };
		9B3CF10C2C468E3200629B5D /* K.swift in Sources */ = {isa = PBXBuildFile; fileRef = 9B3CF10B2C468E3200629B5D /* K.swift */; };
		9B3CF10F2C47E09400629B5D /* ItemTableViewCell.swift in Sources */ = {isa = PBXBuildFile; fileRef = 9B3CF10D2C47E09400629B5D /* ItemTableViewCell.swift */; };
		9B3CF1122C49354300629B5D /* ItemCollectionViewCell.swift in Sources */ = {isa = PBXBuildFile; fileRef = 9B3CF1112C49354300629B5D /* ItemCollectionViewCell.swift */; };
		9B3CF1142C5116CF00629B5D /* Member.swift in Sources */ = {isa = PBXBuildFile; fileRef = 9B3CF1132C5116CF00629B5D /* Member.swift */; };
		9B3CF1162C5116DD00629B5D /* Item.swift in Sources */ = {isa = PBXBuildFile; fileRef = 9B3CF1152C5116DD00629B5D /* Item.swift */; };
		9B3CF1182C6106CE00629B5D /* ItemImageCollectionViewCell.swift in Sources */ = {isa = PBXBuildFile; fileRef = 9B3CF1172C6106CE00629B5D /* ItemImageCollectionViewCell.swift */; };
		9B3CF11A2C6A13D200629B5D /* GoogleService-Info.plist in Resources */ = {isa = PBXBuildFile; fileRef = 9B3CF1192C6A13D200629B5D /* GoogleService-Info.plist */; };
		C84FBEABF70C68C853C8DAAB /* Pods_OpenMarket.framework in Frameworks */ = {isa = PBXBuildFile; fileRef = 223961D2AB60054D9819530F /* Pods_OpenMarket.framework */; };
/* End PBXBuildFile section */

/* Begin PBXFileReference section */
		11EB5B8B7DB1CF7EA52E9716 /* Pods-OpenMarket.release.xcconfig */ = {isa = PBXFileReference; includeInIndex = 1; lastKnownFileType = text.xcconfig; name = "Pods-OpenMarket.release.xcconfig"; path = "Target Support Files/Pods-OpenMarket/Pods-OpenMarket.release.xcconfig"; sourceTree = "<group>"; };
		223961D2AB60054D9819530F /* Pods_OpenMarket.framework */ = {isa = PBXFileReference; explicitFileType = wrapper.framework; includeInIndex = 0; path = Pods_OpenMarket.framework; sourceTree = BUILT_PRODUCTS_DIR; };
		798A3F75075A054D3EA61860 /* Pods-OpenMarket.debug.xcconfig */ = {isa = PBXFileReference; includeInIndex = 1; lastKnownFileType = text.xcconfig; name = "Pods-OpenMarket.debug.xcconfig"; path = "Target Support Files/Pods-OpenMarket/Pods-OpenMarket.debug.xcconfig"; sourceTree = "<group>"; };
		9B044C702C7363D70074EC2E /* FirestoreManager.swift */ = {isa = PBXFileReference; lastKnownFileType = sourcecode.swift; path = FirestoreManager.swift; sourceTree = "<group>"; };
		9B044C722C7F492F0074EC2E /* ECT.swift */ = {isa = PBXFileReference; lastKnownFileType = sourcecode.swift; path = ECT.swift; sourceTree = "<group>"; };
		9B3CF0DA2C3BFC0F00629B5D /* OpenMarket.app */ = {isa = PBXFileReference; explicitFileType = wrapper.application; includeInIndex = 0; path = OpenMarket.app; sourceTree = BUILT_PRODUCTS_DIR; };
		9B3CF0DD2C3BFC0F00629B5D /* AppDelegate.swift */ = {isa = PBXFileReference; lastKnownFileType = sourcecode.swift; path = AppDelegate.swift; sourceTree = "<group>"; };
		9B3CF0DF2C3BFC0F00629B5D /* SceneDelegate.swift */ = {isa = PBXFileReference; lastKnownFileType = sourcecode.swift; path = SceneDelegate.swift; sourceTree = "<group>"; };
		9B3CF0E12C3BFC0F00629B5D /* LoginViewController.swift */ = {isa = PBXFileReference; lastKnownFileType = sourcecode.swift; path = LoginViewController.swift; sourceTree = "<group>"; };
		9B3CF0E42C3BFC0F00629B5D /* Base */ = {isa = PBXFileReference; lastKnownFileType = file.storyboard; name = Base; path = Base.lproj/Main.storyboard; sourceTree = "<group>"; };
		9B3CF0E62C3BFC1000629B5D /* Assets.xcassets */ = {isa = PBXFileReference; lastKnownFileType = folder.assetcatalog; path = Assets.xcassets; sourceTree = "<group>"; };
		9B3CF0E92C3BFC1000629B5D /* Base */ = {isa = PBXFileReference; lastKnownFileType = file.storyboard; name = Base; path = Base.lproj/LaunchScreen.storyboard; sourceTree = "<group>"; };
		9B3CF0EB2C3BFC1000629B5D /* Info.plist */ = {isa = PBXFileReference; lastKnownFileType = text.plist.xml; path = Info.plist; sourceTree = "<group>"; };
		9B3CF0F42C3D526200629B5D /* SignUpViewController.swift */ = {isa = PBXFileReference; lastKnownFileType = sourcecode.swift; path = SignUpViewController.swift; sourceTree = "<group>"; };
		9B3CF0F62C3D527000629B5D /* FindIDViewController.swift */ = {isa = PBXFileReference; lastKnownFileType = sourcecode.swift; path = FindIDViewController.swift; sourceTree = "<group>"; };
		9B3CF0F82C3D527E00629B5D /* FindPWViewController.swift */ = {isa = PBXFileReference; lastKnownFileType = sourcecode.swift; path = FindPWViewController.swift; sourceTree = "<group>"; };
		9B3CF0FA2C3D529000629B5D /* ModifyPWViewController.swift */ = {isa = PBXFileReference; lastKnownFileType = sourcecode.swift; path = ModifyPWViewController.swift; sourceTree = "<group>"; };
		9B3CF0FC2C3D52D700629B5D /* HomeViewController.swift */ = {isa = PBXFileReference; lastKnownFileType = sourcecode.swift; path = HomeViewController.swift; sourceTree = "<group>"; };
		9B3CF0FE2C3D52EA00629B5D /* ItemDetailViewController.swift */ = {isa = PBXFileReference; lastKnownFileType = sourcecode.swift; path = ItemDetailViewController.swift; sourceTree = "<group>"; };
		9B3CF1002C3D531A00629B5D /* CreateItemViewController.swift */ = {isa = PBXFileReference; lastKnownFileType = sourcecode.swift; path = CreateItemViewController.swift; sourceTree = "<group>"; };
		9B3CF1022C3D533A00629B5D /* MyPageViewController.swift */ = {isa = PBXFileReference; lastKnownFileType = sourcecode.swift; path = MyPageViewController.swift; sourceTree = "<group>"; };
		9B3CF1062C3D5B1000629B5D /* UIViewController+Extension.swift */ = {isa = PBXFileReference; lastKnownFileType = sourcecode.swift; path = "UIViewController+Extension.swift"; sourceTree = "<group>"; };
		9B3CF1092C468E1500629B5D /* UIColor+Extension.swift */ = {isa = PBXFileReference; lastKnownFileType = sourcecode.swift; path = "UIColor+Extension.swift"; sourceTree = "<group>"; };
		9B3CF10B2C468E3200629B5D /* K.swift */ = {isa = PBXFileReference; lastKnownFileType = sourcecode.swift; path = K.swift; sourceTree = "<group>"; };
		9B3CF10D2C47E09400629B5D /* ItemTableViewCell.swift */ = {isa = PBXFileReference; lastKnownFileType = sourcecode.swift; path = ItemTableViewCell.swift; sourceTree = "<group>"; };
		9B3CF1112C49354300629B5D /* ItemCollectionViewCell.swift */ = {isa = PBXFileReference; lastKnownFileType = sourcecode.swift; path = ItemCollectionViewCell.swift; sourceTree = "<group>"; };
		9B3CF1132C5116CF00629B5D /* Member.swift */ = {isa = PBXFileReference; lastKnownFileType = sourcecode.swift; path = Member.swift; sourceTree = "<group>"; };
		9B3CF1152C5116DD00629B5D /* Item.swift */ = {isa = PBXFileReference; lastKnownFileType = sourcecode.swift; path = Item.swift; sourceTree = "<group>"; };
		9B3CF1172C6106CE00629B5D /* ItemImageCollectionViewCell.swift */ = {isa = PBXFileReference; lastKnownFileType = sourcecode.swift; path = ItemImageCollectionViewCell.swift; sourceTree = "<group>"; };
		9B3CF1192C6A13D200629B5D /* GoogleService-Info.plist */ = {isa = PBXFileReference; fileEncoding = 4; lastKnownFileType = text.plist.xml; path = "GoogleService-Info.plist"; sourceTree = "<group>"; };
/* End PBXFileReference section */

/* Begin PBXFrameworksBuildPhase section */
		9B3CF0D72C3BFC0F00629B5D /* Frameworks */ = {
			isa = PBXFrameworksBuildPhase;
			buildActionMask = 2147483647;
			files = (
				C84FBEABF70C68C853C8DAAB /* Pods_OpenMarket.framework in Frameworks */,
			);
			runOnlyForDeploymentPostprocessing = 0;
		};
/* End PBXFrameworksBuildPhase section */

/* Begin PBXGroup section */
		3D94F93FE17DCC6126DBEBB0 /* Frameworks */ = {
			isa = PBXGroup;
			children = (
				223961D2AB60054D9819530F /* Pods_OpenMarket.framework */,
			);
			name = Frameworks;
			sourceTree = "<group>";
		};
		6C325EE376535B84DAF907A9 /* Pods */ = {
			isa = PBXGroup;
			children = (
				798A3F75075A054D3EA61860 /* Pods-OpenMarket.debug.xcconfig */,
				11EB5B8B7DB1CF7EA52E9716 /* Pods-OpenMarket.release.xcconfig */,
			);
			path = Pods;
			sourceTree = "<group>";
		};
		9B3CF0D12C3BFC0F00629B5D = {
			isa = PBXGroup;
			children = (
				9B3CF0DC2C3BFC0F00629B5D /* OpenMarket */,
				9B3CF0DB2C3BFC0F00629B5D /* Products */,
				6C325EE376535B84DAF907A9 /* Pods */,
				3D94F93FE17DCC6126DBEBB0 /* Frameworks */,
			);
			sourceTree = "<group>";
		};
		9B3CF0DB2C3BFC0F00629B5D /* Products */ = {
			isa = PBXGroup;
			children = (
				9B3CF0DA2C3BFC0F00629B5D /* OpenMarket.app */,
			);
			name = Products;
			sourceTree = "<group>";
		};
		9B3CF0DC2C3BFC0F00629B5D /* OpenMarket */ = {
			isa = PBXGroup;
			children = (
				9B3CF0DD2C3BFC0F00629B5D /* AppDelegate.swift */,
				9B3CF0DF2C3BFC0F00629B5D /* SceneDelegate.swift */,
				9B3CF1082C468DFF00629B5D /* Helper */,
				9B3CF0F22C3D513800629B5D /* Model */,
				9B3CF0F32C3D514300629B5D /* View */,
				9B3CF0F12C3D512D00629B5D /* Contorller */,
				9B3CF0E62C3BFC1000629B5D /* Assets.xcassets */,
				9B3CF0EB2C3BFC1000629B5D /* Info.plist */,
				9B3CF1192C6A13D200629B5D /* GoogleService-Info.plist */,
			);
			path = OpenMarket;
			sourceTree = "<group>";
		};
		9B3CF0F12C3D512D00629B5D /* Contorller */ = {
			isa = PBXGroup;
			children = (
				9B3CF1052C3D539700629B5D /* Member */,
				9B3CF1042C3D539300629B5D /* Item */,
				9B3CF1022C3D533A00629B5D /* MyPageViewController.swift */,
				9B3CF1062C3D5B1000629B5D /* UIViewController+Extension.swift */,
			);
			path = Contorller;
			sourceTree = "<group>";
		};
		9B3CF0F22C3D513800629B5D /* Model */ = {
			isa = PBXGroup;
			children = (
				9B3CF1132C5116CF00629B5D /* Member.swift */,
				9B3CF1152C5116DD00629B5D /* Item.swift */,
				9B044C702C7363D70074EC2E /* FirestoreManager.swift */,
			);
			path = Model;
			sourceTree = "<group>";
		};
		9B3CF0F32C3D514300629B5D /* View */ = {
			isa = PBXGroup;
			children = (
				9B3CF0E32C3BFC0F00629B5D /* Main.storyboard */,
				9B3CF0E82C3BFC1000629B5D /* LaunchScreen.storyboard */,
				9B3CF10D2C47E09400629B5D /* ItemTableViewCell.swift */,
				9B3CF1112C49354300629B5D /* ItemCollectionViewCell.swift */,
				9B3CF1172C6106CE00629B5D /* ItemImageCollectionViewCell.swift */,
			);
			path = View;
			sourceTree = "<group>";
		};
		9B3CF1042C3D539300629B5D /* Item */ = {
			isa = PBXGroup;
			children = (
				9B3CF0FC2C3D52D700629B5D /* HomeViewController.swift */,
				9B3CF0FE2C3D52EA00629B5D /* ItemDetailViewController.swift */,
				9B3CF1002C3D531A00629B5D /* CreateItemViewController.swift */,
			);
			path = Item;
			sourceTree = "<group>";
		};
		9B3CF1052C3D539700629B5D /* Member */ = {
			isa = PBXGroup;
			children = (
				9B3CF0E12C3BFC0F00629B5D /* LoginViewController.swift */,
				9B3CF0F42C3D526200629B5D /* SignUpViewController.swift */,
				9B3CF0F62C3D527000629B5D /* FindIDViewController.swift */,
				9B3CF0F82C3D527E00629B5D /* FindPWViewController.swift */,
				9B3CF0FA2C3D529000629B5D /* ModifyPWViewController.swift */,
			);
			path = Member;
			sourceTree = "<group>";
		};
		9B3CF1082C468DFF00629B5D /* Helper */ = {
			isa = PBXGroup;
			children = (
				9B3CF1092C468E1500629B5D /* UIColor+Extension.swift */,
				9B3CF10B2C468E3200629B5D /* K.swift */,
				9B044C722C7F492F0074EC2E /* ECT.swift */,
			);
			path = Helper;
			sourceTree = "<group>";
		};
/* End PBXGroup section */

/* Begin PBXNativeTarget section */
		9B3CF0D92C3BFC0F00629B5D /* OpenMarket */ = {
			isa = PBXNativeTarget;
			buildConfigurationList = 9B3CF0EE2C3BFC1000629B5D /* Build configuration list for PBXNativeTarget "OpenMarket" */;
			buildPhases = (
				D611DD5FA3CE572ADE743F37 /* [CP] Check Pods Manifest.lock */,
				9B3CF0D62C3BFC0F00629B5D /* Sources */,
				9B3CF0D72C3BFC0F00629B5D /* Frameworks */,
				9B3CF0D82C3BFC0F00629B5D /* Resources */,
				937049B17B2835246DC13E32 /* [CP] Copy Pods Resources */,
			);
			buildRules = (
			);
			dependencies = (
			);
			name = OpenMarket;
			productName = OpenMarket;
			productReference = 9B3CF0DA2C3BFC0F00629B5D /* OpenMarket.app */;
			productType = "com.apple.product-type.application";
		};
/* End PBXNativeTarget section */

/* Begin PBXProject section */
		9B3CF0D22C3BFC0F00629B5D /* Project object */ = {
			isa = PBXProject;
			attributes = {
				BuildIndependentTargetsInParallel = 1;
				LastSwiftUpdateCheck = 1510;
				LastUpgradeCheck = 1510;
				TargetAttributes = {
					9B3CF0D92C3BFC0F00629B5D = {
						CreatedOnToolsVersion = 15.1;
					};
				};
			};
			buildConfigurationList = 9B3CF0D52C3BFC0F00629B5D /* Build configuration list for PBXProject "OpenMarket" */;
			compatibilityVersion = "Xcode 14.0";
			developmentRegion = en;
			hasScannedForEncodings = 0;
			knownRegions = (
				en,
				Base,
			);
			mainGroup = 9B3CF0D12C3BFC0F00629B5D;
			productRefGroup = 9B3CF0DB2C3BFC0F00629B5D /* Products */;
			projectDirPath = "";
			projectRoot = "";
			targets = (
				9B3CF0D92C3BFC0F00629B5D /* OpenMarket */,
			);
		};
/* End PBXProject section */

/* Begin PBXResourcesBuildPhase section */
		9B3CF0D82C3BFC0F00629B5D /* Resources */ = {
			isa = PBXResourcesBuildPhase;
			buildActionMask = 2147483647;
			files = (
				9B3CF0EA2C3BFC1000629B5D /* LaunchScreen.storyboard in Resources */,
				9B3CF11A2C6A13D200629B5D /* GoogleService-Info.plist in Resources */,
				9B3CF0E72C3BFC1000629B5D /* Assets.xcassets in Resources */,
				9B3CF0E52C3BFC0F00629B5D /* Main.storyboard in Resources */,
			);
			runOnlyForDeploymentPostprocessing = 0;
		};
/* End PBXResourcesBuildPhase section */

/* Begin PBXShellScriptBuildPhase section */
		937049B17B2835246DC13E32 /* [CP] Copy Pods Resources */ = {
			isa = PBXShellScriptBuildPhase;
			buildActionMask = 2147483647;
			files = (
			);
			inputFileListPaths = (
				"${PODS_ROOT}/Target Support Files/Pods-OpenMarket/Pods-OpenMarket-resources-${CONFIGURATION}-input-files.xcfilelist",
			);
			name = "[CP] Copy Pods Resources";
			outputFileListPaths = (
				"${PODS_ROOT}/Target Support Files/Pods-OpenMarket/Pods-OpenMarket-resources-${CONFIGURATION}-output-files.xcfilelist",
			);
			runOnlyForDeploymentPostprocessing = 0;
			shellPath = /bin/sh;
			shellScript = "\"${PODS_ROOT}/Target Support Files/Pods-OpenMarket/Pods-OpenMarket-resources.sh\"\n";
			showEnvVarsInLog = 0;
		};
		D611DD5FA3CE572ADE743F37 /* [CP] Check Pods Manifest.lock */ = {
			isa = PBXShellScriptBuildPhase;
			buildActionMask = 2147483647;
			files = (
			);
			inputFileListPaths = (
			);
			inputPaths = (
				"${PODS_PODFILE_DIR_PATH}/Podfile.lock",
				"${PODS_ROOT}/Manifest.lock",
			);
			name = "[CP] Check Pods Manifest.lock";
			outputFileListPaths = (
			);
			outputPaths = (
				"$(DERIVED_FILE_DIR)/Pods-OpenMarket-checkManifestLockResult.txt",
			);
			runOnlyForDeploymentPostprocessing = 0;
			shellPath = /bin/sh;
			shellScript = "diff \"${PODS_PODFILE_DIR_PATH}/Podfile.lock\" \"${PODS_ROOT}/Manifest.lock\" > /dev/null\nif [ $? != 0 ] ; then\n    # print error to STDERR\n    echo \"error: The sandbox is not in sync with the Podfile.lock. Run 'pod install' or update your CocoaPods installation.\" >&2\n    exit 1\nfi\n# This output is used by Xcode 'outputs' to avoid re-running this script phase.\necho \"SUCCESS\" > \"${SCRIPT_OUTPUT_FILE_0}\"\n";
			showEnvVarsInLog = 0;
		};
/* End PBXShellScriptBuildPhase section */

/* Begin PBXSourcesBuildPhase section */
		9B3CF0D62C3BFC0F00629B5D /* Sources */ = {
			isa = PBXSourcesBuildPhase;
			buildActionMask = 2147483647;
			files = (
				9B3CF1072C3D5B1000629B5D /* UIViewController+Extension.swift in Sources */,
				9B3CF10C2C468E3200629B5D /* K.swift in Sources */,
				9B3CF0F92C3D527E00629B5D /* FindPWViewController.swift in Sources */,
				9B3CF0FB2C3D529000629B5D /* ModifyPWViewController.swift in Sources */,
				9B3CF0F52C3D526200629B5D /* SignUpViewController.swift in Sources */,
				9B3CF0FD2C3D52D700629B5D /* HomeViewController.swift in Sources */,
				9B3CF0E22C3BFC0F00629B5D /* LoginViewController.swift in Sources */,
				9B3CF1142C5116CF00629B5D /* Member.swift in Sources */,
				9B3CF10F2C47E09400629B5D /* ItemTableViewCell.swift in Sources */,
				9B3CF1012C3D531A00629B5D /* CreateItemViewController.swift in Sources */,
				9B3CF1162C5116DD00629B5D /* Item.swift in Sources */,
				9B044C712C7363D70074EC2E /* FirestoreManager.swift in Sources */,
				9B3CF1032C3D533A00629B5D /* MyPageViewController.swift in Sources */,
				9B3CF0FF2C3D52EA00629B5D /* ItemDetailViewController.swift in Sources */,
				9B3CF0DE2C3BFC0F00629B5D /* AppDelegate.swift in Sources */,
				9B3CF1182C6106CE00629B5D /* ItemImageCollectionViewCell.swift in Sources */,
				9B3CF10A2C468E1500629B5D /* UIColor+Extension.swift in Sources */,
				9B3CF1122C49354300629B5D /* ItemCollectionViewCell.swift in Sources */,
				9B3CF0E02C3BFC0F00629B5D /* SceneDelegate.swift in Sources */,
				9B3CF0F72C3D527000629B5D /* FindIDViewController.swift in Sources */,
				9B044C732C7F492F0074EC2E /* ECT.swift in Sources */,
			);
			runOnlyForDeploymentPostprocessing = 0;
		};
/* End PBXSourcesBuildPhase section */

/* Begin PBXVariantGroup section */
		9B3CF0E32C3BFC0F00629B5D /* Main.storyboard */ = {
			isa = PBXVariantGroup;
			children = (
				9B3CF0E42C3BFC0F00629B5D /* Base */,
			);
			name = Main.storyboard;
			sourceTree = "<group>";
		};
		9B3CF0E82C3BFC1000629B5D /* LaunchScreen.storyboard */ = {
			isa = PBXVariantGroup;
			children = (
				9B3CF0E92C3BFC1000629B5D /* Base */,
			);
			name = LaunchScreen.storyboard;
			sourceTree = "<group>";
		};
/* End PBXVariantGroup section */

/* Begin XCBuildConfiguration section */
		9B3CF0EC2C3BFC1000629B5D /* Debug */ = {
			isa = XCBuildConfiguration;
			buildSettings = {
				ALWAYS_SEARCH_USER_PATHS = NO;
				ASSETCATALOG_COMPILER_GENERATE_SWIFT_ASSET_SYMBOL_EXTENSIONS = YES;
				CLANG_ANALYZER_NONNULL = YES;
				CLANG_ANALYZER_NUMBER_OBJECT_CONVERSION = YES_AGGRESSIVE;
				CLANG_CXX_LANGUAGE_STANDARD = "gnu++20";
				CLANG_ENABLE_MODULES = YES;
				CLANG_ENABLE_OBJC_ARC = YES;
				CLANG_ENABLE_OBJC_WEAK = YES;
				CLANG_WARN_BLOCK_CAPTURE_AUTORELEASING = YES;
				CLANG_WARN_BOOL_CONVERSION = YES;
				CLANG_WARN_COMMA = YES;
				CLANG_WARN_CONSTANT_CONVERSION = YES;
				CLANG_WARN_DEPRECATED_OBJC_IMPLEMENTATIONS = YES;
				CLANG_WARN_DIRECT_OBJC_ISA_USAGE = YES_ERROR;
				CLANG_WARN_DOCUMENTATION_COMMENTS = YES;
				CLANG_WARN_EMPTY_BODY = YES;
				CLANG_WARN_ENUM_CONVERSION = YES;
				CLANG_WARN_INFINITE_RECURSION = YES;
				CLANG_WARN_INT_CONVERSION = YES;
				CLANG_WARN_NON_LITERAL_NULL_CONVERSION = YES;
				CLANG_WARN_OBJC_IMPLICIT_RETAIN_SELF = YES;
				CLANG_WARN_OBJC_LITERAL_CONVERSION = YES;
				CLANG_WARN_OBJC_ROOT_CLASS = YES_ERROR;
				CLANG_WARN_QUOTED_INCLUDE_IN_FRAMEWORK_HEADER = YES;
				CLANG_WARN_RANGE_LOOP_ANALYSIS = YES;
				CLANG_WARN_STRICT_PROTOTYPES = YES;
				CLANG_WARN_SUSPICIOUS_MOVE = YES;
				CLANG_WARN_UNGUARDED_AVAILABILITY = YES_AGGRESSIVE;
				CLANG_WARN_UNREACHABLE_CODE = YES;
				CLANG_WARN__DUPLICATE_METHOD_MATCH = YES;
				COPY_PHASE_STRIP = NO;
				DEBUG_INFORMATION_FORMAT = dwarf;
				ENABLE_STRICT_OBJC_MSGSEND = YES;
				ENABLE_TESTABILITY = YES;
				ENABLE_USER_SCRIPT_SANDBOXING = YES;
				GCC_C_LANGUAGE_STANDARD = gnu17;
				GCC_DYNAMIC_NO_PIC = NO;
				GCC_NO_COMMON_BLOCKS = YES;
				GCC_OPTIMIZATION_LEVEL = 0;
				GCC_PREPROCESSOR_DEFINITIONS = (
					"DEBUG=1",
					"$(inherited)",
				);
				GCC_WARN_64_TO_32_BIT_CONVERSION = YES;
				GCC_WARN_ABOUT_RETURN_TYPE = YES_ERROR;
				GCC_WARN_UNDECLARED_SELECTOR = YES;
				GCC_WARN_UNINITIALIZED_AUTOS = YES_AGGRESSIVE;
				GCC_WARN_UNUSED_FUNCTION = YES;
				GCC_WARN_UNUSED_VARIABLE = YES;
				IPHONEOS_DEPLOYMENT_TARGET = 17.2;
				LOCALIZATION_PREFERS_STRING_CATALOGS = YES;
				MTL_ENABLE_DEBUG_INFO = INCLUDE_SOURCE;
				MTL_FAST_MATH = YES;
				ONLY_ACTIVE_ARCH = YES;
				SDKROOT = iphoneos;
				SWIFT_ACTIVE_COMPILATION_CONDITIONS = "DEBUG $(inherited)";
				SWIFT_OPTIMIZATION_LEVEL = "-Onone";
			};
			name = Debug;
		};
		9B3CF0ED2C3BFC1000629B5D /* Release */ = {
			isa = XCBuildConfiguration;
			buildSettings = {
				ALWAYS_SEARCH_USER_PATHS = NO;
				ASSETCATALOG_COMPILER_GENERATE_SWIFT_ASSET_SYMBOL_EXTENSIONS = YES;
				CLANG_ANALYZER_NONNULL = YES;
				CLANG_ANALYZER_NUMBER_OBJECT_CONVERSION = YES_AGGRESSIVE;
				CLANG_CXX_LANGUAGE_STANDARD = "gnu++20";
				CLANG_ENABLE_MODULES = YES;
				CLANG_ENABLE_OBJC_ARC = YES;
				CLANG_ENABLE_OBJC_WEAK = YES;
				CLANG_WARN_BLOCK_CAPTURE_AUTORELEASING = YES;
				CLANG_WARN_BOOL_CONVERSION = YES;
				CLANG_WARN_COMMA = YES;
				CLANG_WARN_CONSTANT_CONVERSION = YES;
				CLANG_WARN_DEPRECATED_OBJC_IMPLEMENTATIONS = YES;
				CLANG_WARN_DIRECT_OBJC_ISA_USAGE = YES_ERROR;
				CLANG_WARN_DOCUMENTATION_COMMENTS = YES;
				CLANG_WARN_EMPTY_BODY = YES;
				CLANG_WARN_ENUM_CONVERSION = YES;
				CLANG_WARN_INFINITE_RECURSION = YES;
				CLANG_WARN_INT_CONVERSION = YES;
				CLANG_WARN_NON_LITERAL_NULL_CONVERSION = YES;
				CLANG_WARN_OBJC_IMPLICIT_RETAIN_SELF = YES;
				CLANG_WARN_OBJC_LITERAL_CONVERSION = YES;
				CLANG_WARN_OBJC_ROOT_CLASS = YES_ERROR;
				CLANG_WARN_QUOTED_INCLUDE_IN_FRAMEWORK_HEADER = YES;
				CLANG_WARN_RANGE_LOOP_ANALYSIS = YES;
				CLANG_WARN_STRICT_PROTOTYPES = YES;
				CLANG_WARN_SUSPICIOUS_MOVE = YES;
				CLANG_WARN_UNGUARDED_AVAILABILITY = YES_AGGRESSIVE;
				CLANG_WARN_UNREACHABLE_CODE = YES;
				CLANG_WARN__DUPLICATE_METHOD_MATCH = YES;
				COPY_PHASE_STRIP = NO;
				DEBUG_INFORMATION_FORMAT = "dwarf-with-dsym";
				ENABLE_NS_ASSERTIONS = NO;
				ENABLE_STRICT_OBJC_MSGSEND = YES;
				ENABLE_USER_SCRIPT_SANDBOXING = YES;
				GCC_C_LANGUAGE_STANDARD = gnu17;
				GCC_NO_COMMON_BLOCKS = YES;
				GCC_WARN_64_TO_32_BIT_CONVERSION = YES;
				GCC_WARN_ABOUT_RETURN_TYPE = YES_ERROR;
				GCC_WARN_UNDECLARED_SELECTOR = YES;
				GCC_WARN_UNINITIALIZED_AUTOS = YES_AGGRESSIVE;
				GCC_WARN_UNUSED_FUNCTION = YES;
				GCC_WARN_UNUSED_VARIABLE = YES;
				IPHONEOS_DEPLOYMENT_TARGET = 17.2;
				LOCALIZATION_PREFERS_STRING_CATALOGS = YES;
				MTL_ENABLE_DEBUG_INFO = NO;
				MTL_FAST_MATH = YES;
				SDKROOT = iphoneos;
				SWIFT_COMPILATION_MODE = wholemodule;
				VALIDATE_PRODUCT = YES;
			};
			name = Release;
		};
		9B3CF0EF2C3BFC1000629B5D /* Debug */ = {
			isa = XCBuildConfiguration;
			baseConfigurationReference = 798A3F75075A054D3EA61860 /* Pods-OpenMarket.debug.xcconfig */;
			buildSettings = {
				ASSETCATALOG_COMPILER_APPICON_NAME = AppIcon;
				ASSETCATALOG_COMPILER_GLOBAL_ACCENT_COLOR_NAME = AccentColor;
				CODE_SIGN_STYLE = Automatic;
				CURRENT_PROJECT_VERSION = 1;
				DEVELOPMENT_TEAM = HH8T8G7VKN;
				ENABLE_USER_SCRIPT_SANDBOXING = NO;
				GENERATE_INFOPLIST_FILE = YES;
				INFOPLIST_FILE = OpenMarket/Info.plist;
				INFOPLIST_KEY_UIApplicationSupportsIndirectInputEvents = YES;
				INFOPLIST_KEY_UILaunchStoryboardName = LaunchScreen;
				INFOPLIST_KEY_UIMainStoryboardFile = Main;
				INFOPLIST_KEY_UISupportedInterfaceOrientations = UIInterfaceOrientationPortrait;
				INFOPLIST_KEY_UISupportedInterfaceOrientations_iPad = "UIInterfaceOrientationLandscapeLeft UIInterfaceOrientationLandscapeRight UIInterfaceOrientationPortrait UIInterfaceOrientationPortraitUpsideDown";
				IPHONEOS_DEPLOYMENT_TARGET = 15.0;
				LD_RUNPATH_SEARCH_PATHS = (
					"$(inherited)",
					"@executable_path/Frameworks",
				);
				MARKETING_VERSION = 1.0;
				PRODUCT_BUNDLE_IDENTIFIER = com.gaeul.OpenMarket;
				PRODUCT_NAME = "$(TARGET_NAME)";
				SUPPORTED_PLATFORMS = "iphoneos iphonesimulator";
				SUPPORTS_MACCATALYST = NO;
				SUPPORTS_MAC_DESIGNED_FOR_IPHONE_IPAD = NO;
				SWIFT_EMIT_LOC_STRINGS = YES;
				SWIFT_VERSION = 5.0;
				TARGETED_DEVICE_FAMILY = 1;
			};
			name = Debug;
		};
		9B3CF0F02C3BFC1000629B5D /* Release */ = {
			isa = XCBuildConfiguration;
			baseConfigurationReference = 11EB5B8B7DB1CF7EA52E9716 /* Pods-OpenMarket.release.xcconfig */;
			buildSettings = {
				ASSETCATALOG_COMPILER_APPICON_NAME = AppIcon;
				ASSETCATALOG_COMPILER_GLOBAL_ACCENT_COLOR_NAME = AccentColor;
				CODE_SIGN_STYLE = Automatic;
				CURRENT_PROJECT_VERSION = 1;
				DEVELOPMENT_TEAM = HH8T8G7VKN;
				ENABLE_USER_SCRIPT_SANDBOXING = NO;
				GENERATE_INFOPLIST_FILE = YES;
				INFOPLIST_FILE = OpenMarket/Info.plist;
				INFOPLIST_KEY_UIApplicationSupportsIndirectInputEvents = YES;
				INFOPLIST_KEY_UILaunchStoryboardName = LaunchScreen;
				INFOPLIST_KEY_UIMainStoryboardFile = Main;
				INFOPLIST_KEY_UISupportedInterfaceOrientations = UIInterfaceOrientationPortrait;
				INFOPLIST_KEY_UISupportedInterfaceOrientations_iPad = "UIInterfaceOrientationLandscapeLeft UIInterfaceOrientationLandscapeRight UIInterfaceOrientationPortrait UIInterfaceOrientationPortraitUpsideDown";
				IPHONEOS_DEPLOYMENT_TARGET = 15.0;
				LD_RUNPATH_SEARCH_PATHS = (
					"$(inherited)",
					"@executable_path/Frameworks",
				);
				MARKETING_VERSION = 1.0;
				PRODUCT_BUNDLE_IDENTIFIER = com.gaeul.OpenMarket;
				PRODUCT_NAME = "$(TARGET_NAME)";
				SUPPORTED_PLATFORMS = "iphoneos iphonesimulator";
				SUPPORTS_MACCATALYST = NO;
				SUPPORTS_MAC_DESIGNED_FOR_IPHONE_IPAD = NO;
				SWIFT_EMIT_LOC_STRINGS = YES;
				SWIFT_VERSION = 5.0;
				TARGETED_DEVICE_FAMILY = 1;
			};
			name = Release;
		};
/* End XCBuildConfiguration section */

/* Begin XCConfigurationList section */
		9B3CF0D52C3BFC0F00629B5D /* Build configuration list for PBXProject "OpenMarket" */ = {
			isa = XCConfigurationList;
			buildConfigurations = (
				9B3CF0EC2C3BFC1000629B5D /* Debug */,
				9B3CF0ED2C3BFC1000629B5D /* Release */,
			);
			defaultConfigurationIsVisible = 0;
			defaultConfigurationName = Release;
		};
		9B3CF0EE2C3BFC1000629B5D /* Build configuration list for PBXNativeTarget "OpenMarket" */ = {
			isa = XCConfigurationList;
			buildConfigurations = (
				9B3CF0EF2C3BFC1000629B5D /* Debug */,
				9B3CF0F02C3BFC1000629B5D /* Release */,
			);
			defaultConfigurationIsVisible = 0;
			defaultConfigurationName = Release;
		};
/* End XCConfigurationList section */
	};
	rootObject = 9B3CF0D22C3BFC0F00629B5D /* Project object */;
}
